
Microsoft Visual Studio Solution File, Format Version 12.00
# Visual Studio Version 17
VisualStudioVersion = 17.7.34031.279
MinimumVisualStudioVersion = 10.0.40219.1
Project("{9A19103F-16F7-4668-BE54-9A1E7A4F7556}") = "MilesCarRental", "MilesCarRental.csproj", "{F50B9DC6-B13C-4F2C-B853-A0691065B02B}"
EndProject
Project("{FAE04EC0-301F-11D3-BF4B-00C04F79EFBC}") = "TestMilesCarRental", "..\TestMilesCarRental\TestMilesCarRental.csproj", "{9F8D218E-1828-451A-9A54-790D1BEEADC4}"
EndProject
Global
	GlobalSection(SolutionConfigurationPlatforms) = preSolution
		Debug|Any CPU = Debug|Any CPU
		Release|Any CPU = Release|Any CPU
	EndGlobalSection
	GlobalSection(ProjectConfigurationPlatforms) = postSolution
		{F50B9DC6-B13C-4F2C-B853-A0691065B02B}.Debug|Any CPU.ActiveCfg = Debug|Any CPU
		{F50B9DC6-B13C-4F2C-B853-A0691065B02B}.Debug|Any CPU.Build.0 = Debug|Any CPU
		{F50B9DC6-B13C-4F2C-B853-A0691065B02B}.Release|Any CPU.ActiveCfg = Release|Any CPU
		{F50B9DC6-B13C-4F2C-B853-A0691065B02B}.Release|Any CPU.Build.0 = Release|Any CPU
		{9F8D218E-1828-451A-9A54-790D1BEEADC4}.Debug|Any CPU.ActiveCfg = Debug|Any CPU
		{9F8D218E-1828-451A-9A54-790D1BEEADC4}.Debug|Any CPU.Build.0 = Debug|Any CPU
		{9F8D218E-1828-451A-9A54-790D1BEEADC4}.Release|Any CPU.ActiveCfg = Release|Any CPU
		{9F8D218E-1828-451A-9A54-790D1BEEADC4}.Release|Any CPU.Build.0 = Release|Any CPU
	EndGlobalSection
	GlobalSection(SolutionProperties) = preSolution
		HideSolutionNode = FALSE
	EndGlobalSection
	GlobalSection(ExtensibilityGlobals) = postSolution
		SolutionGuid = {6AEB220A-59D8-4F9D-8AC9-0C3CE42F7235}
	EndGlobalSection
EndGlobal
